// !$*UTF8*$!
{
	archiveVersion = 1;
	classes = {
	};
	objectVersion = 77;
	objects = {

/* Begin PBXBuildFile section */
		146DE38F2F5B48560005E808 /* ContentView.swift in Sources */ = {isa = PBXBuildFile; fileRef = 146DE38B2F5B48560005E808 /* ContentView.swift */; };
		146DE3902F5B48560005E808 /* FinanceTrackerApp.swift in Sources */ = {isa = PBXBuildFile; fileRef = 146DE38C2F5B48560005E808 /* FinanceTrackerApp.swift */; };
		146DE3AE2F6058C20005E808 /* swiftgenColors.yml in Resources */ = {isa = PBXBuildFile; fileRef = 146DE3AD2F6058C20005E808 /* swiftgenColors.yml */; };
		146DE3B62F605BB60005E808 /* Colors.xcassets in Resources */ = {isa = PBXBuildFile; fileRef = 146DE3B52F605BB60005E808 /* Colors.xcassets */; };
		146DE3B92F605BE70005E808 /* Images.xcassets in Resources */ = {isa = PBXBuildFile; fileRef = 146DE3B82F605BE70005E808 /* Images.xcassets */; };
		146DE3BB2F6066A80005E808 /* Colors.swift in Sources */ = {isa = PBXBuildFile; fileRef = 146DE3BA2F6066A80005E808 /* Colors.swift */; };
		146DE3BD2F6068CC0005E808 /* swiftgenImages.yml in Resources */ = {isa = PBXBuildFile; fileRef = 146DE3BC2F6068BA0005E808 /* swiftgenImages.yml */; };
		146DE3BF2F6069A20005E808 /* Images.swift in Sources */ = {isa = PBXBuildFile; fileRef = 146DE3BE2F6069A20005E808 /* Images.swift */; };
		35D08CE50F28F564268D1CB5 /* Texts.swift in Sources */ = {isa = PBXBuildFile; fileRef = 912DC22AE51D59A151204EAD /* Texts.swift */; };
		86DD692527A710BD8B5EA19D /* swiftgenTexts.yml in Resources */ = {isa = PBXBuildFile; fileRef = F531E271A5E4919F1191BD24 /* swiftgenTexts.yml */; };
/* End PBXBuildFile section */

/* Begin PBXContainerItemProxy section */
		146DE36E2F5B46FE0005E808 /* PBXContainerItemProxy */ = {
			isa = PBXContainerItemProxy;
			containerPortal = 146DE3582F5B46FC0005E808 /* Project object */;
			proxyType = 1;
			remoteGlobalIDString = 146DE35F2F5B46FC0005E808;
			remoteInfo = FinanceTracker;
		};
		146DE3782F5B46FE0005E808 /* PBXContainerItemProxy */ = {
			isa = PBXContainerItemProxy;
			containerPortal = 146DE3582F5B46FC0005E808 /* Project object */;
			proxyType = 1;
			remoteGlobalIDString = 146DE35F2F5B46FC0005E808;
			remoteInfo = FinanceTracker;
		};
/* End PBXContainerItemProxy section */

/* Begin PBXFileReference section */
		146DE3602F5B46FC0005E808 /* FinanceTracker.app */ = {isa = PBXFileReference; explicitFileType = wrapper.application; includeInIndex = 0; path = FinanceTracker.app; sourceTree = BUILT_PRODUCTS_DIR; };
		146DE36D2F5B46FE0005E808 /* FinanceTrackerTests.xctest */ = {isa = PBXFileReference; explicitFileType = wrapper.cfbundle; includeInIndex = 0; path = FinanceTrackerTests.xctest; sourceTree = BUILT_PRODUCTS_DIR; };
		146DE3772F5B46FE0005E808 /* FinanceTrackerUITests.xctest */ = {isa = PBXFileReference; explicitFileType = wrapper.cfbundle; includeInIndex = 0; path = FinanceTrackerUITests.xctest; sourceTree = BUILT_PRODUCTS_DIR; };
		146DE38B2F5B48560005E808 /* ContentView.swift */ = {isa = PBXFileReference; lastKnownFileType = sourcecode.swift; path = ContentView.swift; sourceTree = "<group>"; };
		146DE38C2F5B48560005E808 /* FinanceTrackerApp.swift */ = {isa = PBXFileReference; lastKnownFileType = sourcecode.swift; path = FinanceTrackerApp.swift; sourceTree = "<group>"; };
		146DE3AD2F6058C20005E808 /* swiftgenColors.yml */ = {isa = PBXFileReference; lastKnownFileType = text.yaml; path = swiftgenColors.yml; sourceTree = "<group>"; };
		146DE3B52F605BB60005E808 /* Colors.xcassets */ = {isa = PBXFileReference; lastKnownFileType = folder.assetcatalog; path = Colors.xcassets; sourceTree = "<group>"; };
		146DE3B82F605BE70005E808 /* Images.xcassets */ = {isa = PBXFileReference; lastKnownFileType = folder.assetcatalog; path = Images.xcassets; sourceTree = "<group>"; };
		146DE3BA2F6066A80005E808 /* Colors.swift */ = {isa = PBXFileReference; lastKnownFileType = sourcecode.swift; path = Colors.swift; sourceTree = "<group>"; };
		146DE3BC2F6068BA0005E808 /* swiftgenImages.yml */ = {isa = PBXFileReference; lastKnownFileType = text.yaml; path = swiftgenImages.yml; sourceTree = "<group>"; };
		146DE3BE2F6069A20005E808 /* Images.swift */ = {isa = PBXFileReference; lastKnownFileType = sourcecode.swift; path = Images.swift; sourceTree = "<group>"; };
		912DC22AE51D59A151204EAD /* Texts.swift */ = {isa = PBXFileReference; lastKnownFileType = sourcecode.swift; path = Texts.swift; sourceTree = "<group>"; };
		B9AA31B7361D2F9A3A452E94 /* Texts.yml */ = {isa = PBXFileReference; lastKnownFileType = text.yaml; path = Texts.yml; sourceTree = "<group>"; };
		F531E271A5E4919F1191BD24 /* swiftgenTexts.yml */ = {isa = PBXFileReference; lastKnownFileType = text.yaml; path = swiftgenTexts.yml; sourceTree = "<group>"; };
/* End PBXFileReference section */

/* Begin PBXFileSystemSynchronizedRootGroup section */
		146DE3702F5B46FE0005E808 /* FinanceTrackerTests */ = {
			isa = PBXFileSystemSynchronizedRootGroup;
			path = FinanceTrackerTests;
			sourceTree = "<group>";
		};
		146DE37A2F5B46FE0005E808 /* FinanceTrackerUITests */ = {
			isa = PBXFileSystemSynchronizedRootGroup;
			path = FinanceTrackerUITests;
			sourceTree = "<group>";
		};
/* End PBXFileSystemSynchronizedRootGroup section */

/* Begin PBXFrameworksBuildPhase section */
		146DE35D2F5B46FC0005E808 /* Frameworks */ = {
			isa = PBXFrameworksBuildPhase;
			buildActionMask = 2147483647;
			files = (
			);
			runOnlyForDeploymentPostprocessing = 0;
		};
		146DE36A2F5B46FE0005E808 /* Frameworks */ = {
			isa = PBXFrameworksBuildPhase;
			buildActionMask = 2147483647;
			files = (
			);
			runOnlyForDeploymentPostprocessing = 0;
		};
		146DE3742F5B46FE0005E808 /* Frameworks */ = {
			isa = PBXFrameworksBuildPhase;
			buildActionMask = 2147483647;
			files = (
			);
			runOnlyForDeploymentPostprocessing = 0;
		};
/* End PBXFrameworksBuildPhase section */

/* Begin PBXGroup section */
		1255F38B962D13C36B9772ED /* Texts */ = {
			isa = PBXGroup;
			children = (
				912DC22AE51D59A151204EAD /* Texts.swift */,
				B9AA31B7361D2F9A3A452E94 /* Texts.yml */,
			);
			path = Texts;
			sourceTree = "<group>";
		};
		146DE3572F5B46FC0005E808 = {
			isa = PBXGroup;
			children = (
				146DE38D2F5B48560005E808 /* FinanceTracker */,
				146DE3702F5B46FE0005E808 /* FinanceTrackerTests */,
				146DE37A2F5B46FE0005E808 /* FinanceTrackerUITests */,
				146DE3612F5B46FC0005E808 /* Products */,
			);
			sourceTree = "<group>";
		};
		146DE3612F5B46FC0005E808 /* Products */ = {
			isa = PBXGroup;
			children = (
				146DE3602F5B46FC0005E808 /* FinanceTracker.app */,
				146DE36D2F5B46FE0005E808 /* FinanceTrackerTests.xctest */,
				146DE3772F5B46FE0005E808 /* FinanceTrackerUITests.xctest */,
			);
			name = Products;
			sourceTree = "<group>";
		};
		146DE38D2F5B48560005E808 /* FinanceTracker */ = {
			isa = PBXGroup;
			children = (
				146DE3A92F6057EA0005E808 /* Resources */,
				146DE38B2F5B48560005E808 /* ContentView.swift */,
				146DE38C2F5B48560005E808 /* FinanceTrackerApp.swift */,
			);
			path = FinanceTracker;
			sourceTree = "<group>";
		};
		146DE3A92F6057EA0005E808 /* Resources */ = {
			isa = PBXGroup;
			children = (
				146DE3AF2F605A2F0005E808 /* Sources */,
				146DE3AA2F6058020005E808 /* Scripts */,
			);
			path = Resources;
			sourceTree = "<group>";
		};
		146DE3AA2F6058020005E808 /* Scripts */ = {
			isa = PBXGroup;
			children = (
				146DE3BC2F6068BA0005E808 /* swiftgenImages.yml */,
				F531E271A5E4919F1191BD24 /* swiftgenTexts.yml */,
				146DE3AD2F6058C20005E808 /* swiftgenColors.yml */,
			);
			path = Scripts;
			sourceTree = "<group>";
		};
		146DE3AF2F605A2F0005E808 /* Sources */ = {
			isa = PBXGroup;
			children = (
				146DE3B02F605A3A0005E808 /* Resources */,
			);
			path = Sources;
			sourceTree = "<group>";
		};
		146DE3B02F605A3A0005E808 /* Resources */ = {
			isa = PBXGroup;
			children = (
				146DE3B22F605B200005E808 /* Images */,
				1255F38B962D13C36B9772ED /* Texts */,
				146DE3B12F605B180005E808 /* Colors */,
			);
			path = Resources;
			sourceTree = "<group>";
		};
		146DE3B12F605B180005E808 /* Colors */ = {
			isa = PBXGroup;
			children = (
				146DE3BA2F6066A80005E808 /* Colors.swift */,
				146DE3B52F605BB60005E808 /* Colors.xcassets */,
			);
			path = Colors;
			sourceTree = "<group>";
		};
		146DE3B22F605B200005E808 /* Images */ = {
			isa = PBXGroup;
			children = (
				146DE3BE2F6069A20005E808 /* Images.swift */,
				146DE3B82F605BE70005E808 /* Images.xcassets */,
			);
			path = Images;
			sourceTree = "<group>";
		};
/* End PBXGroup section */

/* Begin PBXNativeTarget section */
		146DE35F2F5B46FC0005E808 /* FinanceTracker */ = {
			isa = PBXNativeTarget;
			buildConfigurationList = 146DE3812F5B46FE0005E808 /* Build configuration list for PBXNativeTarget "FinanceTracker" */;
			buildPhases = (
				146DE35C2F5B46FC0005E808 /* Sources */,
				146DE35D2F5B46FC0005E808 /* Frameworks */,
				146DE35E2F5B46FC0005E808 /* Resources */,
			);
			buildRules = (
			);
			dependencies = (
			);
			name = FinanceTracker;
			packageProductDependencies = (
			);
			productName = FinanceTracker;
			productReference = 146DE3602F5B46FC0005E808 /* FinanceTracker.app */;
			productType = "com.apple.product-type.application";
		};
		146DE36C2F5B46FE0005E808 /* FinanceTrackerTests */ = {
			isa = PBXNativeTarget;
			buildConfigurationList = 146DE3842F5B46FE0005E808 /* Build configuration list for PBXNativeTarget "FinanceTrackerTests" */;
			buildPhases = (
				146DE3692F5B46FE0005E808 /* Sources */,
				146DE36A2F5B46FE0005E808 /* Frameworks */,
				146DE36B2F5B46FE0005E808 /* Resources */,
			);
			buildRules = (
			);
			dependencies = (
				146DE36F2F5B46FE0005E808 /* PBXTargetDependency */,
			);
			fileSystemSynchronizedGroups = (
				146DE3702F5B46FE0005E808 /* FinanceTrackerTests */,
			);
			name = FinanceTrackerTests;
			packageProductDependencies = (
			);
			productName = FinanceTrackerTests;
			productReference = 146DE36D2F5B46FE0005E808 /* FinanceTrackerTests.xctest */;
			productType = "com.apple.product-type.bundle.unit-test";
		};
		146DE3762F5B46FE0005E808 /* FinanceTrackerUITests */ = {
			isa = PBXNativeTarget;
			buildConfigurationList = 146DE3872F5B46FE0005E808 /* Build configuration list for PBXNativeTarget "FinanceTrackerUITests" */;
			buildPhases = (
				146DE3732F5B46FE0005E808 /* Sources */,
				146DE3742F5B46FE0005E808 /* Frameworks */,
				146DE3752F5B46FE0005E808 /* Resources */,
			);
			buildRules = (
			);
			dependencies = (
				146DE3792F5B46FE0005E808 /* PBXTargetDependency */,
			);
			fileSystemSynchronizedGroups = (
				146DE37A2F5B46FE0005E808 /* FinanceTrackerUITests */,
			);
			name = FinanceTrackerUITests;
			packageProductDependencies = (
			);
			productName = FinanceTrackerUITests;
			productReference = 146DE3772F5B46FE0005E808 /* FinanceTrackerUITests.xctest */;
			productType = "com.apple.product-type.bundle.ui-testing";
		};
/* End PBXNativeTarget section */

/* Begin PBXProject section */
		146DE3582F5B46FC0005E808 /* Project object */ = {
			isa = PBXProject;
			attributes = {
				BuildIndependentTargetsInParallel = 1;
				LastSwiftUpdateCheck = 2600;
				LastUpgradeCheck = 2600;
				TargetAttributes = {
					146DE35F2F5B46FC0005E808 = {
						CreatedOnToolsVersion = 26.0;
					};
					146DE36C2F5B46FE0005E808 = {
						CreatedOnToolsVersion = 26.0;
						TestTargetID = 146DE35F2F5B46FC0005E808;
					};
					146DE3762F5B46FE0005E808 = {
						CreatedOnToolsVersion = 26.0;
						TestTargetID = 146DE35F2F5B46FC0005E808;
					};
				};
			};
			buildConfigurationList = 146DE35B2F5B46FC0005E808 /* Build configuration list for PBXProject "FinanceTracker" */;
			developmentRegion = en;
			hasScannedForEncodings = 0;
			knownRegions = (
				en,
				Base,
			);
			mainGroup = 146DE3572F5B46FC0005E808;
			minimizedProjectReferenceProxies = 1;
			preferredProjectObjectVersion = 77;
			productRefGroup = 146DE3612F5B46FC0005E808 /* Products */;
			projectDirPath = "";
			projectRoot = "";
			targets = (
				146DE35F2F5B46FC0005E808 /* FinanceTracker */,
				146DE36C2F5B46FE0005E808 /* FinanceTrackerTests */,
				146DE3762F5B46FE0005E808 /* FinanceTrackerUITests */,
			);
		};
/* End PBXProject section */

/* Begin PBXResourcesBuildPhase section */
		146DE35E2F5B46FC0005E808 /* Resources */ = {
			isa = PBXResourcesBuildPhase;
			buildActionMask = 2147483647;
			files = (
				146DE3B62F605BB60005E808 /* Colors.xcassets in Resources */,
				146DE3BD2F6068CC0005E808 /* swiftgenImages.yml in Resources */,
				86DD692527A710BD8B5EA19D /* swiftgenTexts.yml in Resources */,
				146DE3B92F605BE70005E808 /* Images.xcassets in Resources */,
				146DE3AE2F6058C20005E808 /* swiftgenColors.yml in Resources */,
			);
			runOnlyForDeploymentPostprocessing = 0;
		};
		146DE36B2F5B46FE0005E808 /* Resources */ = {
			isa = PBXResourcesBuildPhase;
			buildActionMask = 2147483647;
			files = (
			);
			runOnlyForDeploymentPostprocessing = 0;
		};
		146DE3752F5B46FE0005E808 /* Resources */ = {
			isa = PBXResourcesBuildPhase;
			buildActionMask = 2147483647;
			files = (
			);
			runOnlyForDeploymentPostprocessing = 0;
		};
/* End PBXResourcesBuildPhase section */

/* Begin PBXSourcesBuildPhase section */
		146DE35C2F5B46FC0005E808 /* Sources */ = {
			isa = PBXSourcesBuildPhase;
			buildActionMask = 2147483647;
			files = (
				146DE38F2F5B48560005E808 /* ContentView.swift in Sources */,
				146DE3BB2F6066A80005E808 /* Colors.swift in Sources */,
				146DE3BF2F6069A20005E808 /* Images.swift in Sources */,
				146DE3902F5B48560005E808 /* FinanceTrackerApp.swift in Sources */,
				35D08CE50F28F564268D1CB5 /* Texts.swift in Sources */,
			);
			runOnlyForDeploymentPostprocessing = 0;
		};
		146DE3692F5B46FE0005E808 /* Sources */ = {
			isa = PBXSourcesBuildPhase;
			buildActionMask = 2147483647;
			files = (
			);
			runOnlyForDeploymentPostprocessing = 0;
		};
		146DE3732F5B46FE0005E808 /* Sources */ = {
			isa = PBXSourcesBuildPhase;
			buildActionMask = 2147483647;
			files = (
			);
			runOnlyForDeploymentPostprocessing = 0;
		};
/* End PBXSourcesBuildPhase section */

/* Begin PBXTargetDependency section */
		146DE36F2F5B46FE0005E808 /* PBXTargetDependency */ = {
			isa = PBXTargetDependency;
			target = 146DE35F2F5B46FC0005E808 /* FinanceTracker */;
			targetProxy = 146DE36E2F5B46FE0005E808 /* PBXContainerItemProxy */;
		};
		146DE3792F5B46FE0005E808 /* PBXTargetDependency */ = {
			isa = PBXTargetDependency;
			target = 146DE35F2F5B46FC0005E808 /* FinanceTracker */;
			targetProxy = 146DE3782F5B46FE0005E808 /* PBXContainerItemProxy */;
		};
/* End PBXTargetDependency section */

/* Begin XCBuildConfiguration section */
		146DE37F2F5B46FE0005E808 /* Debug */ = {
			isa = XCBuildConfiguration;
			buildSettings = {
				ALWAYS_SEARCH_USER_PATHS = NO;
				ASSETCATALOG_COMPILER_GENERATE_SWIFT_ASSET_SYMBOL_EXTENSIONS = YES;
				CLANG_ANALYZER_NONNULL = YES;
				CLANG_ANALYZER_NUMBER_OBJECT_CONVERSION = YES_AGGRESSIVE;
				CLANG_CXX_LANGUAGE_STANDARD = "gnu++20";
				CLANG_ENABLE_MODULES = YES;
				CLANG_ENABLE_OBJC_ARC = YES;
				CLANG_ENABLE_OBJC_WEAK = YES;
				CLANG_WARN_BLOCK_CAPTURE_AUTORELEASING = YES;
				CLANG_WARN_BOOL_CONVERSION = YES;
				CLANG_WARN_COMMA = YES;
				CLANG_WARN_CONSTANT_CONVERSION = YES;
				CLANG_WARN_DEPRECATED_OBJC_IMPLEMENTATIONS = YES;
				CLANG_WARN_DIRECT_OBJC_ISA_USAGE = YES_ERROR;
				CLANG_WARN_DOCUMENTATION_COMMENTS = YES;
				CLANG_WARN_EMPTY_BODY = YES;
				CLANG_WARN_ENUM_CONVERSION = YES;
				CLANG_WARN_INFINITE_RECURSION = YES;
				CLANG_WARN_INT_CONVERSION = YES;
				CLANG_WARN_NON_LITERAL_NULL_CONVERSION = YES;
				CLANG_WARN_OBJC_IMPLICIT_RETAIN_SELF = YES;
				CLANG_WARN_OBJC_LITERAL_CONVERSION = YES;
				CLANG_WARN_OBJC_ROOT_CLASS = YES_ERROR;
				CLANG_WARN_QUOTED_INCLUDE_IN_FRAMEWORK_HEADER = YES;
				CLANG_WARN_RANGE_LOOP_ANALYSIS = YES;
				CLANG_WARN_STRICT_PROTOTYPES = YES;
				CLANG_WARN_SUSPICIOUS_MOVE = YES;
				CLANG_WARN_UNGUARDED_AVAILABILITY = YES_AGGRESSIVE;
				CLANG_WARN_UNREACHABLE_CODE = YES;
				CLANG_WARN__DUPLICATE_METHOD_MATCH = YES;
				COPY_PHASE_STRIP = NO;
				DEBUG_INFORMATION_FORMAT = dwarf;
				ENABLE_STRICT_OBJC_MSGSEND = YES;
				ENABLE_TESTABILITY = YES;
				ENABLE_USER_SCRIPT_SANDBOXING = YES;
				GCC_C_LANGUAGE_STANDARD = gnu17;
				GCC_DYNAMIC_NO_PIC = NO;
				GCC_NO_COMMON_BLOCKS = YES;
				GCC_OPTIMIZATION_LEVEL = 0;
				GCC_PREPROCESSOR_DEFINITIONS = (
					"DEBUG=1",
					"$(inherited)",
				);
				GCC_WARN_64_TO_32_BIT_CONVERSION = YES;
				GCC_WARN_ABOUT_RETURN_TYPE = YES_ERROR;
				GCC_WARN_UNDECLARED_SELECTOR = YES;
				GCC_WARN_UNINITIALIZED_AUTOS = YES_AGGRESSIVE;
				GCC_WARN_UNUSED_FUNCTION = YES;
				GCC_WARN_UNUSED_VARIABLE = YES;
				IPHONEOS_DEPLOYMENT_TARGET = 26.0;
				LOCALIZATION_PREFERS_STRING_CATALOGS = YES;
				MTL_ENABLE_DEBUG_INFO = INCLUDE_SOURCE;
				MTL_FAST_MATH = YES;
				ONLY_ACTIVE_ARCH = YES;
				SDKROOT = iphoneos;
				SWIFT_ACTIVE_COMPILATION_CONDITIONS = "DEBUG $(inherited)";
				SWIFT_OPTIMIZATION_LEVEL = "-Onone";
			};
			name = Debug;
		};
		146DE3802F5B46FE0005E808 /* Release */ = {
			isa = XCBuildConfiguration;
			buildSettings = {
				ALWAYS_SEARCH_USER_PATHS = NO;
				ASSETCATALOG_COMPILER_GENERATE_SWIFT_ASSET_SYMBOL_EXTENSIONS = YES;
				CLANG_ANALYZER_NONNULL = YES;
				CLANG_ANALYZER_NUMBER_OBJECT_CONVERSION = YES_AGGRESSIVE;
				CLANG_CXX_LANGUAGE_STANDARD = "gnu++20";
				CLANG_ENABLE_MODULES = YES;
				CLANG_ENABLE_OBJC_ARC = YES;
				CLANG_ENABLE_OBJC_WEAK = YES;
				CLANG_WARN_BLOCK_CAPTURE_AUTORELEASING = YES;
				CLANG_WARN_BOOL_CONVERSION = YES;
				CLANG_WARN_COMMA = YES;
				CLANG_WARN_CONSTANT_CONVERSION = YES;
				CLANG_WARN_DEPRECATED_OBJC_IMPLEMENTATIONS = YES;
				CLANG_WARN_DIRECT_OBJC_ISA_USAGE = YES_ERROR;
				CLANG_WARN_DOCUMENTATION_COMMENTS = YES;
				CLANG_WARN_EMPTY_BODY = YES;
				CLANG_WARN_ENUM_CONVERSION = YES;
				CLANG_WARN_INFINITE_RECURSION = YES;
				CLANG_WARN_INT_CONVERSION = YES;
				CLANG_WARN_NON_LITERAL_NULL_CONVERSION = YES;
				CLANG_WARN_OBJC_IMPLICIT_RETAIN_SELF = YES;
				CLANG_WARN_OBJC_LITERAL_CONVERSION = YES;
				CLANG_WARN_OBJC_ROOT_CLASS = YES_ERROR;
				CLANG_WARN_QUOTED_INCLUDE_IN_FRAMEWORK_HEADER = YES;
				CLANG_WARN_RANGE_LOOP_ANALYSIS = YES;
				CLANG_WARN_STRICT_PROTOTYPES = YES;
				CLANG_WARN_SUSPICIOUS_MOVE = YES;
				CLANG_WARN_UNGUARDED_AVAILABILITY = YES_AGGRESSIVE;
				CLANG_WARN_UNREACHABLE_CODE = YES;
				CLANG_WARN__DUPLICATE_METHOD_MATCH = YES;
				COPY_PHASE_STRIP = NO;
				DEBUG_INFORMATION_FORMAT = "dwarf-with-dsym";
				ENABLE_NS_ASSERTIONS = NO;
				ENABLE_STRICT_OBJC_MSGSEND = YES;
				ENABLE_USER_SCRIPT_SANDBOXING = YES;
				GCC_C_LANGUAGE_STANDARD = gnu17;
				GCC_NO_COMMON_BLOCKS = YES;
				GCC_WARN_64_TO_32_BIT_CONVERSION = YES;
				GCC_WARN_ABOUT_RETURN_TYPE = YES_ERROR;
				GCC_WARN_UNDECLARED_SELECTOR = YES;
				GCC_WARN_UNINITIALIZED_AUTOS = YES_AGGRESSIVE;
				GCC_WARN_UNUSED_FUNCTION = YES;
				GCC_WARN_UNUSED_VARIABLE = YES;
				IPHONEOS_DEPLOYMENT_TARGET = 26.0;
				LOCALIZATION_PREFERS_STRING_CATALOGS = YES;
				MTL_ENABLE_DEBUG_INFO = NO;
				MTL_FAST_MATH = YES;
				SDKROOT = iphoneos;
				SWIFT_COMPILATION_MODE = wholemodule;
				VALIDATE_PRODUCT = YES;
			};
			name = Release;
		};
		146DE3822F5B46FE0005E808 /* Debug */ = {
			isa = XCBuildConfiguration;
			buildSettings = {
				ASSETCATALOG_COMPILER_APPICON_NAME = AppIcon;
				ASSETCATALOG_COMPILER_GLOBAL_ACCENT_COLOR_NAME = AccentColor;
				CODE_SIGN_STYLE = Automatic;
				CURRENT_PROJECT_VERSION = 1;
				ENABLE_PREVIEWS = YES;
				GENERATE_INFOPLIST_FILE = YES;
				INFOPLIST_KEY_UIApplicationSceneManifest_Generation = YES;
				INFOPLIST_KEY_UIApplicationSupportsIndirectInputEvents = YES;
				INFOPLIST_KEY_UILaunchScreen_Generation = YES;
				INFOPLIST_KEY_UISupportedInterfaceOrientations_iPad = "UIInterfaceOrientationPortrait UIInterfaceOrientationPortraitUpsideDown UIInterfaceOrientationLandscapeLeft UIInterfaceOrientationLandscapeRight";
				INFOPLIST_KEY_UISupportedInterfaceOrientations_iPhone = "UIInterfaceOrientationPortrait UIInterfaceOrientationLandscapeLeft UIInterfaceOrientationLandscapeRight";
				LD_RUNPATH_SEARCH_PATHS = (
					"$(inherited)",
					"@executable_path/Frameworks",
				);
				MARKETING_VERSION = 1.0;
				PRODUCT_BUNDLE_IDENTIFIER = com.myorganization.FinanceTracker;
				PRODUCT_NAME = "$(TARGET_NAME)";
				STRING_CATALOG_GENERATE_SYMBOLS = YES;
				SWIFT_APPROACHABLE_CONCURRENCY = YES;
				SWIFT_DEFAULT_ACTOR_ISOLATION = MainActor;
				SWIFT_EMIT_LOC_STRINGS = YES;
				SWIFT_UPCOMING_FEATURE_MEMBER_IMPORT_VISIBILITY = YES;
				SWIFT_VERSION = 5.0;
				TARGETED_DEVICE_FAMILY = "1,2";
			};
			name = Debug;
		};
		146DE3832F5B46FE0005E808 /* Release */ = {
			isa = XCBuildConfiguration;
			buildSettings = {
				ASSETCATALOG_COMPILER_APPICON_NAME = AppIcon;
				ASSETCATALOG_COMPILER_GLOBAL_ACCENT_COLOR_NAME = AccentColor;
				CODE_SIGN_STYLE = Automatic;
				CURRENT_PROJECT_VERSION = 1;
				ENABLE_PREVIEWS = YES;
				GENERATE_INFOPLIST_FILE = YES;
				INFOPLIST_KEY_UIApplicationSceneManifest_Generation = YES;
				INFOPLIST_KEY_UIApplicationSupportsIndirectInputEvents = YES;
				INFOPLIST_KEY_UILaunchScreen_Generation = YES;
				INFOPLIST_KEY_UISupportedInterfaceOrientations_iPad = "UIInterfaceOrientationPortrait UIInterfaceOrientationPortraitUpsideDown UIInterfaceOrientationLandscapeLeft UIInterfaceOrientationLandscapeRight";
				INFOPLIST_KEY_UISupportedInterfaceOrientations_iPhone = "UIInterfaceOrientationPortrait UIInterfaceOrientationLandscapeLeft UIInterfaceOrientationLandscapeRight";
				LD_RUNPATH_SEARCH_PATHS = (
					"$(inherited)",
					"@executable_path/Frameworks",
				);
				MARKETING_VERSION = 1.0;
				PRODUCT_BUNDLE_IDENTIFIER = com.myorganization.FinanceTracker;
				PRODUCT_NAME = "$(TARGET_NAME)";
				STRING_CATALOG_GENERATE_SYMBOLS = YES;
				SWIFT_APPROACHABLE_CONCURRENCY = YES;
				SWIFT_DEFAULT_ACTOR_ISOLATION = MainActor;
				SWIFT_EMIT_LOC_STRINGS = YES;
				SWIFT_UPCOMING_FEATURE_MEMBER_IMPORT_VISIBILITY = YES;
				SWIFT_VERSION = 5.0;
				TARGETED_DEVICE_FAMILY = "1,2";
			};
			name = Release;
		};
		146DE3852F5B46FE0005E808 /* Debug */ = {
			isa = XCBuildConfiguration;
			buildSettings = {
				BUNDLE_LOADER = "$(TEST_HOST)";
				CODE_SIGN_STYLE = Automatic;
				CURRENT_PROJECT_VERSION = 1;
				GENERATE_INFOPLIST_FILE = YES;
				IPHONEOS_DEPLOYMENT_TARGET = 26.0;
				MARKETING_VERSION = 1.0;
				PRODUCT_BUNDLE_IDENTIFIER = com.myorganization.FinanceTrackerTests;
				PRODUCT_NAME = "$(TARGET_NAME)";
				STRING_CATALOG_GENERATE_SYMBOLS = NO;
				SWIFT_APPROACHABLE_CONCURRENCY = YES;
				SWIFT_EMIT_LOC_STRINGS = NO;
				SWIFT_UPCOMING_FEATURE_MEMBER_IMPORT_VISIBILITY = YES;
				SWIFT_VERSION = 5.0;
				TARGETED_DEVICE_FAMILY = "1,2";
				TEST_HOST = "$(BUILT_PRODUCTS_DIR)/FinanceTracker.app/$(BUNDLE_EXECUTABLE_FOLDER_PATH)/FinanceTracker";
			};
			name = Debug;
		};
		146DE3862F5B46FE0005E808 /* Release */ = {
			isa = XCBuildConfiguration;
			buildSettings = {
				BUNDLE_LOADER = "$(TEST_HOST)";
				CODE_SIGN_STYLE = Automatic;
				CURRENT_PROJECT_VERSION = 1;
				GENERATE_INFOPLIST_FILE = YES;
				IPHONEOS_DEPLOYMENT_TARGET = 26.0;
				MARKETING_VERSION = 1.0;
				PRODUCT_BUNDLE_IDENTIFIER = com.myorganization.FinanceTrackerTests;
				PRODUCT_NAME = "$(TARGET_NAME)";
				STRING_CATALOG_GENERATE_SYMBOLS = NO;
				SWIFT_APPROACHABLE_CONCURRENCY = YES;
				SWIFT_EMIT_LOC_STRINGS = NO;
				SWIFT_UPCOMING_FEATURE_MEMBER_IMPORT_VISIBILITY = YES;
				SWIFT_VERSION = 5.0;
				TARGETED_DEVICE_FAMILY = "1,2";
				TEST_HOST = "$(BUILT_PRODUCTS_DIR)/FinanceTracker.app/$(BUNDLE_EXECUTABLE_FOLDER_PATH)/FinanceTracker";
			};
			name = Release;
		};
		146DE3882F5B46FE0005E808 /* Debug */ = {
			isa = XCBuildConfiguration;
			buildSettings = {
				CODE_SIGN_STYLE = Automatic;
				CURRENT_PROJECT_VERSION = 1;
				GENERATE_INFOPLIST_FILE = YES;
				MARKETING_VERSION = 1.0;
				PRODUCT_BUNDLE_IDENTIFIER = com.myorganization.FinanceTrackerUITests;
				PRODUCT_NAME = "$(TARGET_NAME)";
				STRING_CATALOG_GENERATE_SYMBOLS = NO;
				SWIFT_APPROACHABLE_CONCURRENCY = YES;
				SWIFT_EMIT_LOC_STRINGS = NO;
				SWIFT_UPCOMING_FEATURE_MEMBER_IMPORT_VISIBILITY = YES;
				SWIFT_VERSION = 5.0;
				TARGETED_DEVICE_FAMILY = "1,2";
				TEST_TARGET_NAME = FinanceTracker;
			};
			name = Debug;
		};
		146DE3892F5B46FE0005E808 /* Release */ = {
			isa = XCBuildConfiguration;
			buildSettings = {
				CODE_SIGN_STYLE = Automatic;
				CURRENT_PROJECT_VERSION = 1;
				GENERATE_INFOPLIST_FILE = YES;
				MARKETING_VERSION = 1.0;
				PRODUCT_BUNDLE_IDENTIFIER = com.myorganization.FinanceTrackerUITests;
				PRODUCT_NAME = "$(TARGET_NAME)";
				STRING_CATALOG_GENERATE_SYMBOLS = NO;
				SWIFT_APPROACHABLE_CONCURRENCY = YES;
				SWIFT_EMIT_LOC_STRINGS = NO;
				SWIFT_UPCOMING_FEATURE_MEMBER_IMPORT_VISIBILITY = YES;
				SWIFT_VERSION = 5.0;
				TARGETED_DEVICE_FAMILY = "1,2";
				TEST_TARGET_NAME = FinanceTracker;
			};
			name = Release;
		};
/* End XCBuildConfiguration section */

/* Begin XCConfigurationList section */
		146DE35B2F5B46FC0005E808 /* Build configuration list for PBXProject "FinanceTracker" */ = {
			isa = XCConfigurationList;
			buildConfigurations = (
				146DE37F2F5B46FE0005E808 /* Debug */,
				146DE3802F5B46FE0005E808 /* Release */,
			);
			defaultConfigurationIsVisible = 0;
			defaultConfigurationName = Release;
		};
		146DE3812F5B46FE0005E808 /* Build configuration list for PBXNativeTarget "FinanceTracker" */ = {
			isa = XCConfigurationList;
			buildConfigurations = (
				146DE3822F5B46FE0005E808 /* Debug */,
				146DE3832F5B46FE0005E808 /* Release */,
			);
			defaultConfigurationIsVisible = 0;
			defaultConfigurationName = Release;
		};
		146DE3842F5B46FE0005E808 /* Build configuration list for PBXNativeTarget "FinanceTrackerTests" */ = {
			isa = XCConfigurationList;
			buildConfigurations = (
				146DE3852F5B46FE0005E808 /* Debug */,
				146DE3862F5B46FE0005E808 /* Release */,
			);
			defaultConfigurationIsVisible = 0;
			defaultConfigurationName = Release;
		};
		146DE3872F5B46FE0005E808 /* Build configuration list for PBXNativeTarget "FinanceTrackerUITests" */ = {
			isa = XCConfigurationList;
			buildConfigurations = (
				146DE3882F5B46FE0005E808 /* Debug */,
				146DE3892F5B46FE0005E808 /* Release */,
			);
			defaultConfigurationIsVisible = 0;
			defaultConfigurationName = Release;
		};
/* End XCConfigurationList section */
	};
	rootObject = 146DE3582F5B46FC0005E808 /* Project object */;
}
